{
  "object": {
    "pins": [
      {
        "package": "Alamofire",
        "repositoryURL": "https://github.com/Alamofire/Alamofire.git",
        "state": {
          "branch": null,
          "revision": "8dd85aee02e39dd280c75eef88ffdb86eed4b07b",
          "version": "5.6.2"
        }
      },
      {
        "package": "AWSiOSSDKV2",
        "repositoryURL": "https://github.com/aws-amplify/aws-sdk-ios-spm",
        "state": {
          "branch": null,
          "revision": "684d321aad2e8f17aacd86c8494a79f1f485c707",
          "version": "2.27.13"
        }
      },
      {
        "package": "PromiseKit",
        "repositoryURL": "https://github.com/mxcl/PromiseKit",
        "state": {
          "branch": null,
          "revision": "cfea84ff08fae26c0ccd4fdcc0fb3c577bcb5e2c",
          "version": "6.9.0"
        }
      }
    ]
  },
  "version": 1
}
